// !$*UTF8*$!
{
	archiveVersion = 1;
	classes = {
	};
	objectVersion = 54;
	objects = {

/* Begin PBXBuildFile section */
		00A5891D8CCB4D2BB06F6647 /* Ubuntu-LI.ttf in Resources */ = {isa = PBXBuildFile; fileRef = 3AD74B3BFEA34E15A32266BD /* Ubuntu-LI.ttf */; };
		00E356F31AD99517003FC87E /* BanokaTests.m in Sources */ = {isa = PBXBuildFile; fileRef = 00E356F21AD99517003FC87E /* BanokaTests.m */; };
		0C80B921A6F3F58F76C31292 /* libPods-Banoka.a in Frameworks */ = {isa = PBXBuildFile; fileRef = 5DCACB8F33CDC322A6C60F78 /* libPods-Banoka.a */; };
		10D61C40AA9C4904B266F0EF /* Ubuntu-B.ttf in Resources */ = {isa = PBXBuildFile; fileRef = FA17E0DBBB064909A34363C9 /* Ubuntu-B.ttf */; };
		13B07FBC1A68108700A75B9A /* AppDelegate.mm in Sources */ = {isa = PBXBuildFile; fileRef = 13B07FB01A68108700A75B9A /* AppDelegate.mm */; };
		13B07FBF1A68108700A75B9A /* Images.xcassets in Resources */ = {isa = PBXBuildFile; fileRef = 13B07FB51A68108700A75B9A /* Images.xcassets */; };
		13B07FC11A68108700A75B9A /* main.m in Sources */ = {isa = PBXBuildFile; fileRef = 13B07FB71A68108700A75B9A /* main.m */; };
		46D44F29CBC74D47B87AEEB7 /* Ubuntu-RI.ttf in Resources */ = {isa = PBXBuildFile; fileRef = 85D3214E815F4605B8A362DB /* Ubuntu-RI.ttf */; };
		4CED52F66CE84AD7AA86B6AD /* index.js in Resources */ = {isa = PBXBuildFile; fileRef = E998ABDCE83942C899531F63 /* index.js */; };
		5961D497BFCB4F70846DE25E /* Ubuntu-M.ttf in Resources */ = {isa = PBXBuildFile; fileRef = A6FDCDAC6EDA4318B55EFC24 /* Ubuntu-M.ttf */; };
		632EDEFA070847F399645982 /* Ubuntu-R.ttf in Resources */ = {isa = PBXBuildFile; fileRef = 5F267A931E4146D9B2DCA1E1 /* Ubuntu-R.ttf */; };
		639C8777C6FD4F9496A4C18A /* UbuntuMono-R.ttf in Resources */ = {isa = PBXBuildFile; fileRef = FF55DD5249694C59BB8EAB70 /* UbuntuMono-R.ttf */; };
		664FE53A4A3C49798149AEE2 /* UbuntuMono-RI.ttf in Resources */ = {isa = PBXBuildFile; fileRef = C7D0D264D1AF4CDE85F009A3 /* UbuntuMono-RI.ttf */; };
		6ED5979EDCEB4167BB73F6D8 /* credit.jpg in Resources */ = {isa = PBXBuildFile; fileRef = F1A79236116548E282CC16F0 /* credit.jpg */; };
		7699B88040F8A987B510C191 /* libPods-Banoka-BanokaTests.a in Frameworks */ = {isa = PBXBuildFile; fileRef = 19F6CBCC0A4E27FBF8BF4A61 /* libPods-Banoka-BanokaTests.a */; };
		7DFB0E2421DD487784F4BA86 /* banoka.jpg in Resources */ = {isa = PBXBuildFile; fileRef = B6C74504301744F3B392C7DC /* banoka.jpg */; };
		7FD4EC9E870A4D138CEE5029 /* Ubuntu-C.ttf in Resources */ = {isa = PBXBuildFile; fileRef = 170CC8D7BFB54C89B3337B98 /* Ubuntu-C.ttf */; };
		81AB9BB82411601600AC10FF /* LaunchScreen.storyboard in Resources */ = {isa = PBXBuildFile; fileRef = 81AB9BB72411601600AC10FF /* LaunchScreen.storyboard */; };
		82C7DEC3904D43E8A81503FD /* depo.jpg in Resources */ = {isa = PBXBuildFile; fileRef = 05D104FB3D834738B24F8DE8 /* depo.jpg */; };
		933DE393EB454EA79ABF8552 /* screen.png in Resources */ = {isa = PBXBuildFile; fileRef = E23F0769C7C149BAB937D676 /* screen.png */; };
		B772C9DF02D2A8DA9F04FC46 /* PrivacyInfo.xcprivacy in Resources */ = {isa = PBXBuildFile; fileRef = 1CA2598F5903DEEED0C0E162 /* PrivacyInfo.xcprivacy */; };
		C70A90075F974373867050F3 /* UbuntuMono-B.ttf in Resources */ = {isa = PBXBuildFile; fileRef = BF25F152979340B8864E40C8 /* UbuntuMono-B.ttf */; };
		CF44F63E724B46F1B2ECDBDD /* Ubuntu-L.ttf in Resources */ = {isa = PBXBuildFile; fileRef = 45E903C7F0744E8ABFBAF2DF /* Ubuntu-L.ttf */; };
		D8AACD412C2ED3CC0030FED9 /* AntDesign.ttf in Resources */ = {isa = PBXBuildFile; fileRef = D8AACD2D2C2ED3CC0030FED9 /* AntDesign.ttf */; };
		D8AACD422C2ED3CC0030FED9 /* Entypo.ttf in Resources */ = {isa = PBXBuildFile; fileRef = D8AACD2E2C2ED3CC0030FED9 /* Entypo.ttf */; };
		D8AACD432C2ED3CC0030FED9 /* EvilIcons.ttf in Resources */ = {isa = PBXBuildFile; fileRef = D8AACD2F2C2ED3CC0030FED9 /* EvilIcons.ttf */; };
		D8AACD442C2ED3CC0030FED9 /* Feather.ttf in Resources */ = {isa = PBXBuildFile; fileRef = D8AACD302C2ED3CC0030FED9 /* Feather.ttf */; };
		D8AACD452C2ED3CC0030FED9 /* FontAwesome.ttf in Resources */ = {isa = PBXBuildFile; fileRef = D8AACD312C2ED3CC0030FED9 /* FontAwesome.ttf */; };
		D8AACD462C2ED3CC0030FED9 /* FontAwesome5_Brands.ttf in Resources */ = {isa = PBXBuildFile; fileRef = D8AACD322C2ED3CC0030FED9 /* FontAwesome5_Brands.ttf */; };
		D8AACD472C2ED3CC0030FED9 /* FontAwesome5_Regular.ttf in Resources */ = {isa = PBXBuildFile; fileRef = D8AACD332C2ED3CC0030FED9 /* FontAwesome5_Regular.ttf */; };
		D8AACD482C2ED3CC0030FED9 /* FontAwesome5_Solid.ttf in Resources */ = {isa = PBXBuildFile; fileRef = D8AACD342C2ED3CC0030FED9 /* FontAwesome5_Solid.ttf */; };
		D8AACD492C2ED3CC0030FED9 /* FontAwesome6_Brands.ttf in Resources */ = {isa = PBXBuildFile; fileRef = D8AACD352C2ED3CC0030FED9 /* FontAwesome6_Brands.ttf */; };
		D8AACD4A2C2ED3CC0030FED9 /* FontAwesome6_Regular.ttf in Resources */ = {isa = PBXBuildFile; fileRef = D8AACD362C2ED3CC0030FED9 /* FontAwesome6_Regular.ttf */; };
		D8AACD4B2C2ED3CC0030FED9 /* FontAwesome6_Solid.ttf in Resources */ = {isa = PBXBuildFile; fileRef = D8AACD372C2ED3CC0030FED9 /* FontAwesome6_Solid.ttf */; };
		D8AACD4C2C2ED3CC0030FED9 /* Fontisto.ttf in Resources */ = {isa = PBXBuildFile; fileRef = D8AACD382C2ED3CC0030FED9 /* Fontisto.ttf */; };
		D8AACD4D2C2ED3CC0030FED9 /* Foundation.ttf in Resources */ = {isa = PBXBuildFile; fileRef = D8AACD392C2ED3CC0030FED9 /* Foundation.ttf */; };
		D8AACD4E2C2ED3CC0030FED9 /* Ionicons.ttf in Resources */ = {isa = PBXBuildFile; fileRef = D8AACD3A2C2ED3CC0030FED9 /* Ionicons.ttf */; };
		D8AACD4F2C2ED3CC0030FED9 /* MaterialCommunityIcons.ttf in Resources */ = {isa = PBXBuildFile; fileRef = D8AACD3B2C2ED3CC0030FED9 /* MaterialCommunityIcons.ttf */; };
		D8AACD502C2ED3CC0030FED9 /* MaterialIcons.ttf in Resources */ = {isa = PBXBuildFile; fileRef = D8AACD3C2C2ED3CC0030FED9 /* MaterialIcons.ttf */; };
		D8AACD512C2ED3CC0030FED9 /* Octicons.ttf in Resources */ = {isa = PBXBuildFile; fileRef = D8AACD3D2C2ED3CC0030FED9 /* Octicons.ttf */; };
		D8AACD522C2ED3CC0030FED9 /* SimpleLineIcons.ttf in Resources */ = {isa = PBXBuildFile; fileRef = D8AACD3E2C2ED3CC0030FED9 /* SimpleLineIcons.ttf */; };
		D8AACD532C2ED3CC0030FED9 /* Zocial.ttf in Resources */ = {isa = PBXBuildFile; fileRef = D8AACD3F2C2ED3CC0030FED9 /* Zocial.ttf */; };
		DA461570C5C74B118C7A0ED4 /* Ubuntu-BI.ttf in Resources */ = {isa = PBXBuildFile; fileRef = B572E080136D4C5284E883A2 /* Ubuntu-BI.ttf */; };
		E2A78CC51C904D9DAB80F3C0 /* UbuntuMono-BI.ttf in Resources */ = {isa = PBXBuildFile; fileRef = 08238CC7AEA849D2A616AB54 /* UbuntuMono-BI.ttf */; };
		E8587F312EAB4D63B52A4557 /* logo.jpg in Resources */ = {isa = PBXBuildFile; fileRef = CD7BAE8E9BAF42C8A421E980 /* logo.jpg */; };
		FA43D70418344C0C84B98936 /* Ubuntu-MI.ttf in Resources */ = {isa = PBXBuildFile; fileRef = 92C080CE641A4884A0C6780F /* Ubuntu-MI.ttf */; };
/* End PBXBuildFile section */

/* Begin PBXContainerItemProxy section */
		00E356F41AD99517003FC87E /* PBXContainerItemProxy */ = {
			isa = PBXContainerItemProxy;
			containerPortal = 83CBB9F71A601CBA00E9B192 /* Project object */;
			proxyType = 1;
			remoteGlobalIDString = 13B07F861A680F5B00A75B9A;
			remoteInfo = Banoka;
		};
/* End PBXContainerItemProxy section */

/* Begin PBXFileReference section */
		00E356EE1AD99517003FC87E /* BanokaTests.xctest */ = {isa = PBXFileReference; explicitFileType = wrapper.cfbundle; includeInIndex = 0; path = BanokaTests.xctest; sourceTree = BUILT_PRODUCTS_DIR; };
		00E356F11AD99517003FC87E /* Info.plist */ = {isa = PBXFileReference; lastKnownFileType = text.plist.xml; path = Info.plist; sourceTree = "<group>"; };
		00E356F21AD99517003FC87E /* BanokaTests.m */ = {isa = PBXFileReference; lastKnownFileType = sourcecode.c.objc; path = BanokaTests.m; sourceTree = "<group>"; };
		05D104FB3D834738B24F8DE8 /* depo.jpg */ = {isa = PBXFileReference; explicitFileType = undefined; fileEncoding = 9; includeInIndex = 0; lastKnownFileType = unknown; name = depo.jpg; path = ../src/assets/images/depo.jpg; sourceTree = "<group>"; };
		08238CC7AEA849D2A616AB54 /* UbuntuMono-BI.ttf */ = {isa = PBXFileReference; explicitFileType = undefined; fileEncoding = 9; includeInIndex = 0; lastKnownFileType = unknown; name = "UbuntuMono-BI.ttf"; path = "../src/assets/fonts/UbuntuMono-BI.ttf"; sourceTree = "<group>"; };
		13B07F961A680F5B00A75B9A /* Banoka.app */ = {isa = PBXFileReference; explicitFileType = wrapper.application; includeInIndex = 0; path = Banoka.app; sourceTree = BUILT_PRODUCTS_DIR; };
		13B07FAF1A68108700A75B9A /* AppDelegate.h */ = {isa = PBXFileReference; fileEncoding = 4; lastKnownFileType = sourcecode.c.h; name = AppDelegate.h; path = Banoka/AppDelegate.h; sourceTree = "<group>"; };
		13B07FB01A68108700A75B9A /* AppDelegate.mm */ = {isa = PBXFileReference; fileEncoding = 4; lastKnownFileType = sourcecode.cpp.objcpp; name = AppDelegate.mm; path = Banoka/AppDelegate.mm; sourceTree = "<group>"; };
		13B07FB51A68108700A75B9A /* Images.xcassets */ = {isa = PBXFileReference; lastKnownFileType = folder.assetcatalog; name = Images.xcassets; path = Banoka/Images.xcassets; sourceTree = "<group>"; };
		13B07FB61A68108700A75B9A /* Info.plist */ = {isa = PBXFileReference; fileEncoding = 4; lastKnownFileType = text.plist.xml; name = Info.plist; path = Banoka/Info.plist; sourceTree = "<group>"; };
		13B07FB71A68108700A75B9A /* main.m */ = {isa = PBXFileReference; fileEncoding = 4; lastKnownFileType = sourcecode.c.objc; name = main.m; path = Banoka/main.m; sourceTree = "<group>"; };
		13B07FB81A68108700A75B9A /* PrivacyInfo.xcprivacy */ = {isa = PBXFileReference; fileEncoding = 4; lastKnownFileType = text.plist.xml; name = PrivacyInfo.xcprivacy; path = Banoka/PrivacyInfo.xcprivacy; sourceTree = "<group>"; };
		170CC8D7BFB54C89B3337B98 /* Ubuntu-C.ttf */ = {isa = PBXFileReference; explicitFileType = undefined; fileEncoding = 9; includeInIndex = 0; lastKnownFileType = unknown; name = "Ubuntu-C.ttf"; path = "../src/assets/fonts/Ubuntu-C.ttf"; sourceTree = "<group>"; };
		19F6CBCC0A4E27FBF8BF4A61 /* libPods-Banoka-BanokaTests.a */ = {isa = PBXFileReference; explicitFileType = archive.ar; includeInIndex = 0; path = "libPods-Banoka-BanokaTests.a"; sourceTree = BUILT_PRODUCTS_DIR; };
		1CA2598F5903DEEED0C0E162 /* PrivacyInfo.xcprivacy */ = {isa = PBXFileReference; includeInIndex = 1; lastKnownFileType = text.xml; name = PrivacyInfo.xcprivacy; path = Banoka/PrivacyInfo.xcprivacy; sourceTree = "<group>"; };
		3AD74B3BFEA34E15A32266BD /* Ubuntu-LI.ttf */ = {isa = PBXFileReference; explicitFileType = undefined; fileEncoding = 9; includeInIndex = 0; lastKnownFileType = unknown; name = "Ubuntu-LI.ttf"; path = "../src/assets/fonts/Ubuntu-LI.ttf"; sourceTree = "<group>"; };
		3B4392A12AC88292D35C810B /* Pods-Banoka.debug.xcconfig */ = {isa = PBXFileReference; includeInIndex = 1; lastKnownFileType = text.xcconfig; name = "Pods-Banoka.debug.xcconfig"; path = "Target Support Files/Pods-Banoka/Pods-Banoka.debug.xcconfig"; sourceTree = "<group>"; };
		45E903C7F0744E8ABFBAF2DF /* Ubuntu-L.ttf */ = {isa = PBXFileReference; explicitFileType = undefined; fileEncoding = 9; includeInIndex = 0; lastKnownFileType = unknown; name = "Ubuntu-L.ttf"; path = "../src/assets/fonts/Ubuntu-L.ttf"; sourceTree = "<group>"; };
		5709B34CF0A7D63546082F79 /* Pods-Banoka.release.xcconfig */ = {isa = PBXFileReference; includeInIndex = 1; lastKnownFileType = text.xcconfig; name = "Pods-Banoka.release.xcconfig"; path = "Target Support Files/Pods-Banoka/Pods-Banoka.release.xcconfig"; sourceTree = "<group>"; };
		5B7EB9410499542E8C5724F5 /* Pods-Banoka-BanokaTests.debug.xcconfig */ = {isa = PBXFileReference; includeInIndex = 1; lastKnownFileType = text.xcconfig; name = "Pods-Banoka-BanokaTests.debug.xcconfig"; path = "Target Support Files/Pods-Banoka-BanokaTests/Pods-Banoka-BanokaTests.debug.xcconfig"; sourceTree = "<group>"; };
		5DCACB8F33CDC322A6C60F78 /* libPods-Banoka.a */ = {isa = PBXFileReference; explicitFileType = archive.ar; includeInIndex = 0; path = "libPods-Banoka.a"; sourceTree = BUILT_PRODUCTS_DIR; };
		5F267A931E4146D9B2DCA1E1 /* Ubuntu-R.ttf */ = {isa = PBXFileReference; explicitFileType = undefined; fileEncoding = 9; includeInIndex = 0; lastKnownFileType = unknown; name = "Ubuntu-R.ttf"; path = "../src/assets/fonts/Ubuntu-R.ttf"; sourceTree = "<group>"; };
		81AB9BB72411601600AC10FF /* LaunchScreen.storyboard */ = {isa = PBXFileReference; fileEncoding = 4; lastKnownFileType = file.storyboard; name = LaunchScreen.storyboard; path = Banoka/LaunchScreen.storyboard; sourceTree = "<group>"; };
		85D3214E815F4605B8A362DB /* Ubuntu-RI.ttf */ = {isa = PBXFileReference; explicitFileType = undefined; fileEncoding = 9; includeInIndex = 0; lastKnownFileType = unknown; name = "Ubuntu-RI.ttf"; path = "../src/assets/fonts/Ubuntu-RI.ttf"; sourceTree = "<group>"; };
		89C6BE57DB24E9ADA2F236DE /* Pods-Banoka-BanokaTests.release.xcconfig */ = {isa = PBXFileReference; includeInIndex = 1; lastKnownFileType = text.xcconfig; name = "Pods-Banoka-BanokaTests.release.xcconfig"; path = "Target Support Files/Pods-Banoka-BanokaTests/Pods-Banoka-BanokaTests.release.xcconfig"; sourceTree = "<group>"; };
		92C080CE641A4884A0C6780F /* Ubuntu-MI.ttf */ = {isa = PBXFileReference; explicitFileType = undefined; fileEncoding = 9; includeInIndex = 0; lastKnownFileType = unknown; name = "Ubuntu-MI.ttf"; path = "../src/assets/fonts/Ubuntu-MI.ttf"; sourceTree = "<group>"; };
		A6FDCDAC6EDA4318B55EFC24 /* Ubuntu-M.ttf */ = {isa = PBXFileReference; explicitFileType = undefined; fileEncoding = 9; includeInIndex = 0; lastKnownFileType = unknown; name = "Ubuntu-M.ttf"; path = "../src/assets/fonts/Ubuntu-M.ttf"; sourceTree = "<group>"; };
		B572E080136D4C5284E883A2 /* Ubuntu-BI.ttf */ = {isa = PBXFileReference; explicitFileType = undefined; fileEncoding = 9; includeInIndex = 0; lastKnownFileType = unknown; name = "Ubuntu-BI.ttf"; path = "../src/assets/fonts/Ubuntu-BI.ttf"; sourceTree = "<group>"; };
		B6C74504301744F3B392C7DC /* banoka.jpg */ = {isa = PBXFileReference; explicitFileType = undefined; fileEncoding = 9; includeInIndex = 0; lastKnownFileType = unknown; name = banoka.jpg; path = ../src/assets/images/banoka.jpg; sourceTree = "<group>"; };
		BF25F152979340B8864E40C8 /* UbuntuMono-B.ttf */ = {isa = PBXFileReference; explicitFileType = undefined; fileEncoding = 9; includeInIndex = 0; lastKnownFileType = unknown; name = "UbuntuMono-B.ttf"; path = "../src/assets/fonts/UbuntuMono-B.ttf"; sourceTree = "<group>"; };
		C7D0D264D1AF4CDE85F009A3 /* UbuntuMono-RI.ttf */ = {isa = PBXFileReference; explicitFileType = undefined; fileEncoding = 9; includeInIndex = 0; lastKnownFileType = unknown; name = "UbuntuMono-RI.ttf"; path = "../src/assets/fonts/UbuntuMono-RI.ttf"; sourceTree = "<group>"; };
		CD7BAE8E9BAF42C8A421E980 /* logo.jpg */ = {isa = PBXFileReference; explicitFileType = undefined; fileEncoding = 9; includeInIndex = 0; lastKnownFileType = unknown; name = logo.jpg; path = ../src/assets/images/logo.jpg; sourceTree = "<group>"; };
		D8AACD2D2C2ED3CC0030FED9 /* AntDesign.ttf */ = {isa = PBXFileReference; lastKnownFileType = file; path = AntDesign.ttf; sourceTree = "<group>"; };
		D8AACD2E2C2ED3CC0030FED9 /* Entypo.ttf */ = {isa = PBXFileReference; lastKnownFileType = file; path = Entypo.ttf; sourceTree = "<group>"; };
		D8AACD2F2C2ED3CC0030FED9 /* EvilIcons.ttf */ = {isa = PBXFileReference; lastKnownFileType = file; path = EvilIcons.ttf; sourceTree = "<group>"; };
		D8AACD302C2ED3CC0030FED9 /* Feather.ttf */ = {isa = PBXFileReference; lastKnownFileType = file; path = Feather.ttf; sourceTree = "<group>"; };
		D8AACD312C2ED3CC0030FED9 /* FontAwesome.ttf */ = {isa = PBXFileReference; lastKnownFileType = file; path = FontAwesome.ttf; sourceTree = "<group>"; };
		D8AACD322C2ED3CC0030FED9 /* FontAwesome5_Brands.ttf */ = {isa = PBXFileReference; lastKnownFileType = file; path = FontAwesome5_Brands.ttf; sourceTree = "<group>"; };
		D8AACD332C2ED3CC0030FED9 /* FontAwesome5_Regular.ttf */ = {isa = PBXFileReference; lastKnownFileType = file; path = FontAwesome5_Regular.ttf; sourceTree = "<group>"; };
		D8AACD342C2ED3CC0030FED9 /* FontAwesome5_Solid.ttf */ = {isa = PBXFileReference; lastKnownFileType = file; path = FontAwesome5_Solid.ttf; sourceTree = "<group>"; };
		D8AACD352C2ED3CC0030FED9 /* FontAwesome6_Brands.ttf */ = {isa = PBXFileReference; lastKnownFileType = file; path = FontAwesome6_Brands.ttf; sourceTree = "<group>"; };
		D8AACD362C2ED3CC0030FED9 /* FontAwesome6_Regular.ttf */ = {isa = PBXFileReference; lastKnownFileType = file; path = FontAwesome6_Regular.ttf; sourceTree = "<group>"; };
		D8AACD372C2ED3CC0030FED9 /* FontAwesome6_Solid.ttf */ = {isa = PBXFileReference; lastKnownFileType = file; path = FontAwesome6_Solid.ttf; sourceTree = "<group>"; };
		D8AACD382C2ED3CC0030FED9 /* Fontisto.ttf */ = {isa = PBXFileReference; lastKnownFileType = file; path = Fontisto.ttf; sourceTree = "<group>"; };
		D8AACD392C2ED3CC0030FED9 /* Foundation.ttf */ = {isa = PBXFileReference; lastKnownFileType = file; path = Foundation.ttf; sourceTree = "<group>"; };
		D8AACD3A2C2ED3CC0030FED9 /* Ionicons.ttf */ = {isa = PBXFileReference; lastKnownFileType = file; path = Ionicons.ttf; sourceTree = "<group>"; };
		D8AACD3B2C2ED3CC0030FED9 /* MaterialCommunityIcons.ttf */ = {isa = PBXFileReference; lastKnownFileType = file; path = MaterialCommunityIcons.ttf; sourceTree = "<group>"; };
		D8AACD3C2C2ED3CC0030FED9 /* MaterialIcons.ttf */ = {isa = PBXFileReference; lastKnownFileType = file; path = MaterialIcons.ttf; sourceTree = "<group>"; };
		D8AACD3D2C2ED3CC0030FED9 /* Octicons.ttf */ = {isa = PBXFileReference; lastKnownFileType = file; path = Octicons.ttf; sourceTree = "<group>"; };
		D8AACD3E2C2ED3CC0030FED9 /* SimpleLineIcons.ttf */ = {isa = PBXFileReference; lastKnownFileType = file; path = SimpleLineIcons.ttf; sourceTree = "<group>"; };
		D8AACD3F2C2ED3CC0030FED9 /* Zocial.ttf */ = {isa = PBXFileReference; lastKnownFileType = file; path = Zocial.ttf; sourceTree = "<group>"; };
		E23F0769C7C149BAB937D676 /* screen.png */ = {isa = PBXFileReference; explicitFileType = undefined; fileEncoding = 9; includeInIndex = 0; lastKnownFileType = unknown; name = screen.png; path = ../src/assets/images/screen.png; sourceTree = "<group>"; };
		E998ABDCE83942C899531F63 /* index.js */ = {isa = PBXFileReference; explicitFileType = undefined; fileEncoding = 9; includeInIndex = 0; lastKnownFileType = unknown; name = index.js; path = ../src/assets/images/index.js; sourceTree = "<group>"; };
		ED297162215061F000B7C4FE /* JavaScriptCore.framework */ = {isa = PBXFileReference; lastKnownFileType = wrapper.framework; name = JavaScriptCore.framework; path = System/Library/Frameworks/JavaScriptCore.framework; sourceTree = SDKROOT; };
		F1A79236116548E282CC16F0 /* credit.jpg */ = {isa = PBXFileReference; explicitFileType = undefined; fileEncoding = 9; includeInIndex = 0; lastKnownFileType = unknown; name = credit.jpg; path = ../src/assets/images/credit.jpg; sourceTree = "<group>"; };
		FA17E0DBBB064909A34363C9 /* Ubuntu-B.ttf */ = {isa = PBXFileReference; explicitFileType = undefined; fileEncoding = 9; includeInIndex = 0; lastKnownFileType = unknown; name = "Ubuntu-B.ttf"; path = "../src/assets/fonts/Ubuntu-B.ttf"; sourceTree = "<group>"; };
		FF55DD5249694C59BB8EAB70 /* UbuntuMono-R.ttf */ = {isa = PBXFileReference; explicitFileType = undefined; fileEncoding = 9; includeInIndex = 0; lastKnownFileType = unknown; name = "UbuntuMono-R.ttf"; path = "../src/assets/fonts/UbuntuMono-R.ttf"; sourceTree = "<group>"; };
/* End PBXFileReference section */

/* Begin PBXFrameworksBuildPhase section */
		00E356EB1AD99517003FC87E /* Frameworks */ = {
			isa = PBXFrameworksBuildPhase;
			buildActionMask = 2147483647;
			files = (
				7699B88040F8A987B510C191 /* libPods-Banoka-BanokaTests.a in Frameworks */,
			);
			runOnlyForDeploymentPostprocessing = 0;
		};
		13B07F8C1A680F5B00A75B9A /* Frameworks */ = {
			isa = PBXFrameworksBuildPhase;
			buildActionMask = 2147483647;
			files = (
				0C80B921A6F3F58F76C31292 /* libPods-Banoka.a in Frameworks */,
			);
			runOnlyForDeploymentPostprocessing = 0;
		};
/* End PBXFrameworksBuildPhase section */

/* Begin PBXGroup section */
		00E356EF1AD99517003FC87E /* BanokaTests */ = {
			isa = PBXGroup;
			children = (
				00E356F21AD99517003FC87E /* BanokaTests.m */,
				00E356F01AD99517003FC87E /* Supporting Files */,
			);
			path = BanokaTests;
			sourceTree = "<group>";
		};
		00E356F01AD99517003FC87E /* Supporting Files */ = {
			isa = PBXGroup;
			children = (
				00E356F11AD99517003FC87E /* Info.plist */,
			);
			name = "Supporting Files";
			sourceTree = "<group>";
		};
		13B07FAE1A68108700A75B9A /* Banoka */ = {
			isa = PBXGroup;
			children = (
				13B07FAF1A68108700A75B9A /* AppDelegate.h */,
				13B07FB01A68108700A75B9A /* AppDelegate.mm */,
				13B07FB51A68108700A75B9A /* Images.xcassets */,
				13B07FB61A68108700A75B9A /* Info.plist */,
				81AB9BB72411601600AC10FF /* LaunchScreen.storyboard */,
				13B07FB71A68108700A75B9A /* main.m */,
				13B07FB81A68108700A75B9A /* PrivacyInfo.xcprivacy */,
				1CA2598F5903DEEED0C0E162 /* PrivacyInfo.xcprivacy */,
			);
			name = Banoka;
			sourceTree = "<group>";
		};
		2D16E6871FA4F8E400B85C8A /* Frameworks */ = {
			isa = PBXGroup;
			children = (
				ED297162215061F000B7C4FE /* JavaScriptCore.framework */,
				5DCACB8F33CDC322A6C60F78 /* libPods-Banoka.a */,
				19F6CBCC0A4E27FBF8BF4A61 /* libPods-Banoka-BanokaTests.a */,
			);
			name = Frameworks;
			sourceTree = "<group>";
		};
		40C3D1514455478C830238EA /* Resources */ = {
			isa = PBXGroup;
			children = (
				FA17E0DBBB064909A34363C9 /* Ubuntu-B.ttf */,
				B572E080136D4C5284E883A2 /* Ubuntu-BI.ttf */,
				170CC8D7BFB54C89B3337B98 /* Ubuntu-C.ttf */,
				45E903C7F0744E8ABFBAF2DF /* Ubuntu-L.ttf */,
				3AD74B3BFEA34E15A32266BD /* Ubuntu-LI.ttf */,
				A6FDCDAC6EDA4318B55EFC24 /* Ubuntu-M.ttf */,
				92C080CE641A4884A0C6780F /* Ubuntu-MI.ttf */,
				5F267A931E4146D9B2DCA1E1 /* Ubuntu-R.ttf */,
				85D3214E815F4605B8A362DB /* Ubuntu-RI.ttf */,
				BF25F152979340B8864E40C8 /* UbuntuMono-B.ttf */,
				08238CC7AEA849D2A616AB54 /* UbuntuMono-BI.ttf */,
				FF55DD5249694C59BB8EAB70 /* UbuntuMono-R.ttf */,
				C7D0D264D1AF4CDE85F009A3 /* UbuntuMono-RI.ttf */,
				B6C74504301744F3B392C7DC /* banoka.jpg */,
				F1A79236116548E282CC16F0 /* credit.jpg */,
				05D104FB3D834738B24F8DE8 /* depo.jpg */,
				E998ABDCE83942C899531F63 /* index.js */,
				CD7BAE8E9BAF42C8A421E980 /* logo.jpg */,
				E23F0769C7C149BAB937D676 /* screen.png */,
			);
			name = Resources;
			sourceTree = "<group>";
		};
		832341AE1AAA6A7D00B99B32 /* Libraries */ = {
			isa = PBXGroup;
			children = (
			);
			name = Libraries;
			sourceTree = "<group>";
		};
		83CBB9F61A601CBA00E9B192 = {
			isa = PBXGroup;
			children = (
				D8AACD402C2ED3CC0030FED9 /* Fonts */,
				13B07FAE1A68108700A75B9A /* Banoka */,
				832341AE1AAA6A7D00B99B32 /* Libraries */,
				00E356EF1AD99517003FC87E /* BanokaTests */,
				83CBBA001A601CBA00E9B192 /* Products */,
				2D16E6871FA4F8E400B85C8A /* Frameworks */,
				BBD78D7AC51CEA395F1C20DB /* Pods */,
				40C3D1514455478C830238EA /* Resources */,
			);
			indentWidth = 2;
			sourceTree = "<group>";
			tabWidth = 2;
			usesTabs = 0;
		};
		83CBBA001A601CBA00E9B192 /* Products */ = {
			isa = PBXGroup;
			children = (
				13B07F961A680F5B00A75B9A /* Banoka.app */,
				00E356EE1AD99517003FC87E /* BanokaTests.xctest */,
			);
			name = Products;
			sourceTree = "<group>";
		};
		BBD78D7AC51CEA395F1C20DB /* Pods */ = {
			isa = PBXGroup;
			children = (
				3B4392A12AC88292D35C810B /* Pods-Banoka.debug.xcconfig */,
				5709B34CF0A7D63546082F79 /* Pods-Banoka.release.xcconfig */,
				5B7EB9410499542E8C5724F5 /* Pods-Banoka-BanokaTests.debug.xcconfig */,
				89C6BE57DB24E9ADA2F236DE /* Pods-Banoka-BanokaTests.release.xcconfig */,
			);
			path = Pods;
			sourceTree = "<group>";
		};
		D8AACD402C2ED3CC0030FED9 /* Fonts */ = {
			isa = PBXGroup;
			children = (
				D8AACD2D2C2ED3CC0030FED9 /* AntDesign.ttf */,
				D8AACD2E2C2ED3CC0030FED9 /* Entypo.ttf */,
				D8AACD2F2C2ED3CC0030FED9 /* EvilIcons.ttf */,
				D8AACD302C2ED3CC0030FED9 /* Feather.ttf */,
				D8AACD312C2ED3CC0030FED9 /* FontAwesome.ttf */,
				D8AACD322C2ED3CC0030FED9 /* FontAwesome5_Brands.ttf */,
				D8AACD332C2ED3CC0030FED9 /* FontAwesome5_Regular.ttf */,
				D8AACD342C2ED3CC0030FED9 /* FontAwesome5_Solid.ttf */,
				D8AACD352C2ED3CC0030FED9 /* FontAwesome6_Brands.ttf */,
				D8AACD362C2ED3CC0030FED9 /* FontAwesome6_Regular.ttf */,
				D8AACD372C2ED3CC0030FED9 /* FontAwesome6_Solid.ttf */,
				D8AACD382C2ED3CC0030FED9 /* Fontisto.ttf */,
				D8AACD392C2ED3CC0030FED9 /* Foundation.ttf */,
				D8AACD3A2C2ED3CC0030FED9 /* Ionicons.ttf */,
				D8AACD3B2C2ED3CC0030FED9 /* MaterialCommunityIcons.ttf */,
				D8AACD3C2C2ED3CC0030FED9 /* MaterialIcons.ttf */,
				D8AACD3D2C2ED3CC0030FED9 /* Octicons.ttf */,
				D8AACD3E2C2ED3CC0030FED9 /* SimpleLineIcons.ttf */,
				D8AACD3F2C2ED3CC0030FED9 /* Zocial.ttf */,
			);
			name = Fonts;
			path = "../node_modules/react-native-vector-icons/Fonts";
			sourceTree = "<group>";
		};
/* End PBXGroup section */

/* Begin PBXNativeTarget section */
		00E356ED1AD99517003FC87E /* BanokaTests */ = {
			isa = PBXNativeTarget;
			buildConfigurationList = 00E357021AD99517003FC87E /* Build configuration list for PBXNativeTarget "BanokaTests" */;
			buildPhases = (
				A55EABD7B0C7F3A422A6CC61 /* [CP] Check Pods Manifest.lock */,
				00E356EA1AD99517003FC87E /* Sources */,
				00E356EB1AD99517003FC87E /* Frameworks */,
				00E356EC1AD99517003FC87E /* Resources */,
				C59DA0FBD6956966B86A3779 /* [CP] Embed Pods Frameworks */,
				F6A41C54EA430FDDC6A6ED99 /* [CP] Copy Pods Resources */,
			);
			buildRules = (
			);
			dependencies = (
				00E356F51AD99517003FC87E /* PBXTargetDependency */,
			);
			name = BanokaTests;
			productName = BanokaTests;
			productReference = 00E356EE1AD99517003FC87E /* BanokaTests.xctest */;
			productType = "com.apple.product-type.bundle.unit-test";
		};
		13B07F861A680F5B00A75B9A /* Banoka */ = {
			isa = PBXNativeTarget;
			buildConfigurationList = 13B07F931A680F5B00A75B9A /* Build configuration list for PBXNativeTarget "Banoka" */;
			buildPhases = (
				C38B50BA6285516D6DCD4F65 /* [CP] Check Pods Manifest.lock */,
				13B07F871A680F5B00A75B9A /* Sources */,
				13B07F8C1A680F5B00A75B9A /* Frameworks */,
				13B07F8E1A680F5B00A75B9A /* Resources */,
				00DD1BFF1BD5951E006B06BC /* Bundle React Native code and images */,
				00EEFC60759A1932668264C0 /* [CP] Embed Pods Frameworks */,
				E235C05ADACE081382539298 /* [CP] Copy Pods Resources */,
			);
			buildRules = (
			);
			dependencies = (
			);
			name = Banoka;
			productName = Banoka;
			productReference = 13B07F961A680F5B00A75B9A /* Banoka.app */;
			productType = "com.apple.product-type.application";
		};
/* End PBXNativeTarget section */

/* Begin PBXProject section */
		83CBB9F71A601CBA00E9B192 /* Project object */ = {
			isa = PBXProject;
			attributes = {
				LastUpgradeCheck = 1210;
				TargetAttributes = {
					00E356ED1AD99517003FC87E = {
						CreatedOnToolsVersion = 6.2;
						TestTargetID = 13B07F861A680F5B00A75B9A;
					};
					13B07F861A680F5B00A75B9A = {
						LastSwiftMigration = 1120;
					};
				};
			};
			buildConfigurationList = 83CBB9FA1A601CBA00E9B192 /* Build configuration list for PBXProject "Banoka" */;
			compatibilityVersion = "Xcode 12.0";
			developmentRegion = en;
			hasScannedForEncodings = 0;
			knownRegions = (
				en,
				Base,
			);
			mainGroup = 83CBB9F61A601CBA00E9B192;
			productRefGroup = 83CBBA001A601CBA00E9B192 /* Products */;
			projectDirPath = "";
			projectRoot = "";
			targets = (
				13B07F861A680F5B00A75B9A /* Banoka */,
				00E356ED1AD99517003FC87E /* BanokaTests */,
			);
		};
/* End PBXProject section */

/* Begin PBXResourcesBuildPhase section */
		00E356EC1AD99517003FC87E /* Resources */ = {
			isa = PBXResourcesBuildPhase;
			buildActionMask = 2147483647;
			files = (
			);
			runOnlyForDeploymentPostprocessing = 0;
		};
		13B07F8E1A680F5B00A75B9A /* Resources */ = {
			isa = PBXResourcesBuildPhase;
			buildActionMask = 2147483647;
			files = (
				81AB9BB82411601600AC10FF /* LaunchScreen.storyboard in Resources */,
				D8AACD4D2C2ED3CC0030FED9 /* Foundation.ttf in Resources */,
				D8AACD4E2C2ED3CC0030FED9 /* Ionicons.ttf in Resources */,
				13B07FBF1A68108700A75B9A /* Images.xcassets in Resources */,
				D8AACD502C2ED3CC0030FED9 /* MaterialIcons.ttf in Resources */,
				B772C9DF02D2A8DA9F04FC46 /* PrivacyInfo.xcprivacy in Resources */,
				D8AACD4A2C2ED3CC0030FED9 /* FontAwesome6_Regular.ttf in Resources */,
				10D61C40AA9C4904B266F0EF /* Ubuntu-B.ttf in Resources */,
				DA461570C5C74B118C7A0ED4 /* Ubuntu-BI.ttf in Resources */,
				D8AACD462C2ED3CC0030FED9 /* FontAwesome5_Brands.ttf in Resources */,
				D8AACD512C2ED3CC0030FED9 /* Octicons.ttf in Resources */,
				7FD4EC9E870A4D138CEE5029 /* Ubuntu-C.ttf in Resources */,
				D8AACD4C2C2ED3CC0030FED9 /* Fontisto.ttf in Resources */,
				D8AACD412C2ED3CC0030FED9 /* AntDesign.ttf in Resources */,
				CF44F63E724B46F1B2ECDBDD /* Ubuntu-L.ttf in Resources */,
				D8AACD472C2ED3CC0030FED9 /* FontAwesome5_Regular.ttf in Resources */,
				00A5891D8CCB4D2BB06F6647 /* Ubuntu-LI.ttf in Resources */,
				5961D497BFCB4F70846DE25E /* Ubuntu-M.ttf in Resources */,
				FA43D70418344C0C84B98936 /* Ubuntu-MI.ttf in Resources */,
				632EDEFA070847F399645982 /* Ubuntu-R.ttf in Resources */,
				46D44F29CBC74D47B87AEEB7 /* Ubuntu-RI.ttf in Resources */,
				D8AACD482C2ED3CC0030FED9 /* FontAwesome5_Solid.ttf in Resources */,
				D8AACD532C2ED3CC0030FED9 /* Zocial.ttf in Resources */,
				D8AACD422C2ED3CC0030FED9 /* Entypo.ttf in Resources */,
				C70A90075F974373867050F3 /* UbuntuMono-B.ttf in Resources */,
				E2A78CC51C904D9DAB80F3C0 /* UbuntuMono-BI.ttf in Resources */,
				639C8777C6FD4F9496A4C18A /* UbuntuMono-R.ttf in Resources */,
				664FE53A4A3C49798149AEE2 /* UbuntuMono-RI.ttf in Resources */,
				D8AACD432C2ED3CC0030FED9 /* EvilIcons.ttf in Resources */,
				D8AACD4F2C2ED3CC0030FED9 /* MaterialCommunityIcons.ttf in Resources */,
				7DFB0E2421DD487784F4BA86 /* banoka.jpg in Resources */,
				6ED5979EDCEB4167BB73F6D8 /* credit.jpg in Resources */,
				82C7DEC3904D43E8A81503FD /* depo.jpg in Resources */,
				D8AACD442C2ED3CC0030FED9 /* Feather.ttf in Resources */,
				D8AACD452C2ED3CC0030FED9 /* FontAwesome.ttf in Resources */,
				4CED52F66CE84AD7AA86B6AD /* index.js in Resources */,
				E8587F312EAB4D63B52A4557 /* logo.jpg in Resources */,
				933DE393EB454EA79ABF8552 /* screen.png in Resources */,
				D8AACD522C2ED3CC0030FED9 /* SimpleLineIcons.ttf in Resources */,
				D8AACD4B2C2ED3CC0030FED9 /* FontAwesome6_Solid.ttf in Resources */,
				D8AACD492C2ED3CC0030FED9 /* FontAwesome6_Brands.ttf in Resources */,
			);
			runOnlyForDeploymentPostprocessing = 0;
		};
/* End PBXResourcesBuildPhase section */

/* Begin PBXShellScriptBuildPhase section */
		00DD1BFF1BD5951E006B06BC /* Bundle React Native code and images */ = {
			isa = PBXShellScriptBuildPhase;
			buildActionMask = 2147483647;
			files = (
			);
			inputPaths = (
				"$(SRCROOT)/.xcode.env.local",
				"$(SRCROOT)/.xcode.env",
			);
			name = "Bundle React Native code and images";
			outputPaths = (
			);
			runOnlyForDeploymentPostprocessing = 0;
			shellPath = /bin/sh;
			shellScript = "set -e\n\nWITH_ENVIRONMENT=\"$REACT_NATIVE_PATH/scripts/xcode/with-environment.sh\"\nREACT_NATIVE_XCODE=\"$REACT_NATIVE_PATH/scripts/react-native-xcode.sh\"\n\n/bin/sh -c \"$WITH_ENVIRONMENT $REACT_NATIVE_XCODE\"\n";
		};
		00EEFC60759A1932668264C0 /* [CP] Embed Pods Frameworks */ = {
			isa = PBXShellScriptBuildPhase;
			buildActionMask = 2147483647;
			files = (
			);
			inputFileListPaths = (
				"${PODS_ROOT}/Target Support Files/Pods-Banoka/Pods-Banoka-frameworks-${CONFIGURATION}-input-files.xcfilelist",
			);
			name = "[CP] Embed Pods Frameworks";
			outputFileListPaths = (
				"${PODS_ROOT}/Target Support Files/Pods-Banoka/Pods-Banoka-frameworks-${CONFIGURATION}-output-files.xcfilelist",
			);
			runOnlyForDeploymentPostprocessing = 0;
			shellPath = /bin/sh;
			shellScript = "\"${PODS_ROOT}/Target Support Files/Pods-Banoka/Pods-Banoka-frameworks.sh\"\n";
			showEnvVarsInLog = 0;
		};
		A55EABD7B0C7F3A422A6CC61 /* [CP] Check Pods Manifest.lock */ = {
			isa = PBXShellScriptBuildPhase;
			buildActionMask = 2147483647;
			files = (
			);
			inputFileListPaths = (
			);
			inputPaths = (
				"${PODS_PODFILE_DIR_PATH}/Podfile.lock",
				"${PODS_ROOT}/Manifest.lock",
			);
			name = "[CP] Check Pods Manifest.lock";
			outputFileListPaths = (
			);
			outputPaths = (
				"$(DERIVED_FILE_DIR)/Pods-Banoka-BanokaTests-checkManifestLockResult.txt",
			);
			runOnlyForDeploymentPostprocessing = 0;
			shellPath = /bin/sh;
			shellScript = "diff \"${PODS_PODFILE_DIR_PATH}/Podfile.lock\" \"${PODS_ROOT}/Manifest.lock\" > /dev/null\nif [ $? != 0 ] ; then\n    # print error to STDERR\n    echo \"error: The sandbox is not in sync with the Podfile.lock. Run 'pod install' or update your CocoaPods installation.\" >&2\n    exit 1\nfi\n# This output is used by Xcode 'outputs' to avoid re-running this script phase.\necho \"SUCCESS\" > \"${SCRIPT_OUTPUT_FILE_0}\"\n";
			showEnvVarsInLog = 0;
		};
		C38B50BA6285516D6DCD4F65 /* [CP] Check Pods Manifest.lock */ = {
			isa = PBXShellScriptBuildPhase;
			buildActionMask = 2147483647;
			files = (
			);
			inputFileListPaths = (
			);
			inputPaths = (
				"${PODS_PODFILE_DIR_PATH}/Podfile.lock",
				"${PODS_ROOT}/Manifest.lock",
			);
			name = "[CP] Check Pods Manifest.lock";
			outputFileListPaths = (
			);
			outputPaths = (
				"$(DERIVED_FILE_DIR)/Pods-Banoka-checkManifestLockResult.txt",
			);
			runOnlyForDeploymentPostprocessing = 0;
			shellPath = /bin/sh;
			shellScript = "diff \"${PODS_PODFILE_DIR_PATH}/Podfile.lock\" \"${PODS_ROOT}/Manifest.lock\" > /dev/null\nif [ $? != 0 ] ; then\n    # print error to STDERR\n    echo \"error: The sandbox is not in sync with the Podfile.lock. Run 'pod install' or update your CocoaPods installation.\" >&2\n    exit 1\nfi\n# This output is used by Xcode 'outputs' to avoid re-running this script phase.\necho \"SUCCESS\" > \"${SCRIPT_OUTPUT_FILE_0}\"\n";
			showEnvVarsInLog = 0;
		};
		C59DA0FBD6956966B86A3779 /* [CP] Embed Pods Frameworks */ = {
			isa = PBXShellScriptBuildPhase;
			buildActionMask = 2147483647;
			files = (
			);
			inputFileListPaths = (
				"${PODS_ROOT}/Target Support Files/Pods-Banoka-BanokaTests/Pods-Banoka-BanokaTests-frameworks-${CONFIGURATION}-input-files.xcfilelist",
			);
			name = "[CP] Embed Pods Frameworks";
			outputFileListPaths = (
				"${PODS_ROOT}/Target Support Files/Pods-Banoka-BanokaTests/Pods-Banoka-BanokaTests-frameworks-${CONFIGURATION}-output-files.xcfilelist",
			);
			runOnlyForDeploymentPostprocessing = 0;
			shellPath = /bin/sh;
			shellScript = "\"${PODS_ROOT}/Target Support Files/Pods-Banoka-BanokaTests/Pods-Banoka-BanokaTests-frameworks.sh\"\n";
			showEnvVarsInLog = 0;
		};
		E235C05ADACE081382539298 /* [CP] Copy Pods Resources */ = {
			isa = PBXShellScriptBuildPhase;
			buildActionMask = 2147483647;
			files = (
			);
			inputFileListPaths = (
				"${PODS_ROOT}/Target Support Files/Pods-Banoka/Pods-Banoka-resources-${CONFIGURATION}-input-files.xcfilelist",
			);
			name = "[CP] Copy Pods Resources";
			outputFileListPaths = (
				"${PODS_ROOT}/Target Support Files/Pods-Banoka/Pods-Banoka-resources-${CONFIGURATION}-output-files.xcfilelist",
			);
			runOnlyForDeploymentPostprocessing = 0;
			shellPath = /bin/sh;
			shellScript = "\"${PODS_ROOT}/Target Support Files/Pods-Banoka/Pods-Banoka-resources.sh\"\n";
			showEnvVarsInLog = 0;
		};
		F6A41C54EA430FDDC6A6ED99 /* [CP] Copy Pods Resources */ = {
			isa = PBXShellScriptBuildPhase;
			buildActionMask = 2147483647;
			files = (
			);
			inputFileListPaths = (
				"${PODS_ROOT}/Target Support Files/Pods-Banoka-BanokaTests/Pods-Banoka-BanokaTests-resources-${CONFIGURATION}-input-files.xcfilelist",
			);
			name = "[CP] Copy Pods Resources";
			outputFileListPaths = (
				"${PODS_ROOT}/Target Support Files/Pods-Banoka-BanokaTests/Pods-Banoka-BanokaTests-resources-${CONFIGURATION}-output-files.xcfilelist",
			);
			runOnlyForDeploymentPostprocessing = 0;
			shellPath = /bin/sh;
			shellScript = "\"${PODS_ROOT}/Target Support Files/Pods-Banoka-BanokaTests/Pods-Banoka-BanokaTests-resources.sh\"\n";
			showEnvVarsInLog = 0;
		};
/* End PBXShellScriptBuildPhase section */

/* Begin PBXSourcesBuildPhase section */
		00E356EA1AD99517003FC87E /* Sources */ = {
			isa = PBXSourcesBuildPhase;
			buildActionMask = 2147483647;
			files = (
				00E356F31AD99517003FC87E /* BanokaTests.m in Sources */,
			);
			runOnlyForDeploymentPostprocessing = 0;
		};
		13B07F871A680F5B00A75B9A /* Sources */ = {
			isa = PBXSourcesBuildPhase;
			buildActionMask = 2147483647;
			files = (
				13B07FBC1A68108700A75B9A /* AppDelegate.mm in Sources */,
				13B07FC11A68108700A75B9A /* main.m in Sources */,
			);
			runOnlyForDeploymentPostprocessing = 0;
		};
/* End PBXSourcesBuildPhase section */

/* Begin PBXTargetDependency section */
		00E356F51AD99517003FC87E /* PBXTargetDependency */ = {
			isa = PBXTargetDependency;
			target = 13B07F861A680F5B00A75B9A /* Banoka */;
			targetProxy = 00E356F41AD99517003FC87E /* PBXContainerItemProxy */;
		};
/* End PBXTargetDependency section */

/* Begin XCBuildConfiguration section */
		00E356F61AD99517003FC87E /* Debug */ = {
			isa = XCBuildConfiguration;
			baseConfigurationReference = 5B7EB9410499542E8C5724F5 /* Pods-Banoka-BanokaTests.debug.xcconfig */;
			buildSettings = {
				BUNDLE_LOADER = "$(TEST_HOST)";
				GCC_PREPROCESSOR_DEFINITIONS = (
					"DEBUG=1",
					"$(inherited)",
				);
				INFOPLIST_FILE = BanokaTests/Info.plist;
				IPHONEOS_DEPLOYMENT_TARGET = 13.4;
				LD_RUNPATH_SEARCH_PATHS = (
					"$(inherited)",
					"@executable_path/Frameworks",
					"@loader_path/Frameworks",
				);
				OTHER_LDFLAGS = (
					"-ObjC",
					"-lc++",
					"$(inherited)",
				);
				PRODUCT_BUNDLE_IDENTIFIER = "org.reactjs.native.example.$(PRODUCT_NAME:rfc1034identifier)";
				PRODUCT_NAME = "$(TARGET_NAME)";
				TEST_HOST = "$(BUILT_PRODUCTS_DIR)/Banoka.app/Banoka";
			};
			name = Debug;
		};
		00E356F71AD99517003FC87E /* Release */ = {
			isa = XCBuildConfiguration;
			baseConfigurationReference = 89C6BE57DB24E9ADA2F236DE /* Pods-Banoka-BanokaTests.release.xcconfig */;
			buildSettings = {
				BUNDLE_LOADER = "$(TEST_HOST)";
				COPY_PHASE_STRIP = NO;
				INFOPLIST_FILE = BanokaTests/Info.plist;
				IPHONEOS_DEPLOYMENT_TARGET = 13.4;
				LD_RUNPATH_SEARCH_PATHS = (
					"$(inherited)",
					"@executable_path/Frameworks",
					"@loader_path/Frameworks",
				);
				OTHER_LDFLAGS = (
					"-ObjC",
					"-lc++",
					"$(inherited)",
				);
				PRODUCT_BUNDLE_IDENTIFIER = "org.reactjs.native.example.$(PRODUCT_NAME:rfc1034identifier)";
				PRODUCT_NAME = "$(TARGET_NAME)";
				TEST_HOST = "$(BUILT_PRODUCTS_DIR)/Banoka.app/Banoka";
			};
			name = Release;
		};
		13B07F941A680F5B00A75B9A /* Debug */ = {
			isa = XCBuildConfiguration;
			baseConfigurationReference = 3B4392A12AC88292D35C810B /* Pods-Banoka.debug.xcconfig */;
			buildSettings = {
				ASSETCATALOG_COMPILER_APPICON_NAME = AppIcon;
				CLANG_ENABLE_MODULES = YES;
				CURRENT_PROJECT_VERSION = 1;
				ENABLE_BITCODE = NO;
				INFOPLIST_FILE = Banoka/Info.plist;
				LD_RUNPATH_SEARCH_PATHS = (
					"$(inherited)",
					"@executable_path/Frameworks",
				);
				MARKETING_VERSION = 1.0;
				OTHER_LDFLAGS = (
					"$(inherited)",
					"-ObjC",
					"-lc++",
				);
				PRODUCT_BUNDLE_IDENTIFIER = "org.reactjs.native.example.$(PRODUCT_NAME:rfc1034identifier)";
				PRODUCT_NAME = Banoka;
				SWIFT_OPTIMIZATION_LEVEL = "-Onone";
				SWIFT_VERSION = 5.0;
				VERSIONING_SYSTEM = "apple-generic";
			};
			name = Debug;
		};
		13B07F951A680F5B00A75B9A /* Release */ = {
			isa = XCBuildConfiguration;
			baseConfigurationReference = 5709B34CF0A7D63546082F79 /* Pods-Banoka.release.xcconfig */;
			buildSettings = {
				ASSETCATALOG_COMPILER_APPICON_NAME = AppIcon;
				CLANG_ENABLE_MODULES = YES;
				CURRENT_PROJECT_VERSION = 1;
				INFOPLIST_FILE = Banoka/Info.plist;
				LD_RUNPATH_SEARCH_PATHS = (
					"$(inherited)",
					"@executable_path/Frameworks",
				);
				MARKETING_VERSION = 1.0;
				OTHER_LDFLAGS = (
					"$(inherited)",
					"-ObjC",
					"-lc++",
				);
				PRODUCT_BUNDLE_IDENTIFIER = "org.reactjs.native.example.$(PRODUCT_NAME:rfc1034identifier)";
				PRODUCT_NAME = Banoka;
				SWIFT_VERSION = 5.0;
				VERSIONING_SYSTEM = "apple-generic";
			};
			name = Release;
		};
		83CBBA201A601CBA00E9B192 /* Debug */ = {
			isa = XCBuildConfiguration;
			buildSettings = {
				ALWAYS_SEARCH_USER_PATHS = NO;
				CC = "";
				CLANG_ANALYZER_LOCALIZABILITY_NONLOCALIZED = YES;
				CLANG_CXX_LANGUAGE_STANDARD = "c++20";
				CLANG_CXX_LIBRARY = "libc++";
				CLANG_ENABLE_MODULES = YES;
				CLANG_ENABLE_OBJC_ARC = YES;
				CLANG_WARN_BLOCK_CAPTURE_AUTORELEASING = YES;
				CLANG_WARN_BOOL_CONVERSION = YES;
				CLANG_WARN_COMMA = YES;
				CLANG_WARN_CONSTANT_CONVERSION = YES;
				CLANG_WARN_DEPRECATED_OBJC_IMPLEMENTATIONS = YES;
				CLANG_WARN_DIRECT_OBJC_ISA_USAGE = YES_ERROR;
				CLANG_WARN_EMPTY_BODY = YES;
				CLANG_WARN_ENUM_CONVERSION = YES;
				CLANG_WARN_INFINITE_RECURSION = YES;
				CLANG_WARN_INT_CONVERSION = YES;
				CLANG_WARN_NON_LITERAL_NULL_CONVERSION = YES;
				CLANG_WARN_OBJC_IMPLICIT_RETAIN_SELF = YES;
				CLANG_WARN_OBJC_LITERAL_CONVERSION = YES;
				CLANG_WARN_OBJC_ROOT_CLASS = YES_ERROR;
				CLANG_WARN_QUOTED_INCLUDE_IN_FRAMEWORK_HEADER = YES;
				CLANG_WARN_RANGE_LOOP_ANALYSIS = YES;
				CLANG_WARN_STRICT_PROTOTYPES = YES;
				CLANG_WARN_SUSPICIOUS_MOVE = YES;
				CLANG_WARN_UNREACHABLE_CODE = YES;
				CLANG_WARN__DUPLICATE_METHOD_MATCH = YES;
				"CODE_SIGN_IDENTITY[sdk=iphoneos*]" = "iPhone Developer";
				COPY_PHASE_STRIP = NO;
				CXX = "";
				ENABLE_STRICT_OBJC_MSGSEND = YES;
				ENABLE_TESTABILITY = YES;
				"EXCLUDED_ARCHS[sdk=iphonesimulator*]" = "";
				GCC_C_LANGUAGE_STANDARD = gnu99;
				GCC_DYNAMIC_NO_PIC = NO;
				GCC_NO_COMMON_BLOCKS = YES;
				GCC_OPTIMIZATION_LEVEL = 0;
				GCC_PREPROCESSOR_DEFINITIONS = (
					"DEBUG=1",
					"$(inherited)",
				);
				GCC_SYMBOLS_PRIVATE_EXTERN = NO;
				GCC_WARN_64_TO_32_BIT_CONVERSION = YES;
				GCC_WARN_ABOUT_RETURN_TYPE = YES_ERROR;
				GCC_WARN_UNDECLARED_SELECTOR = YES;
				GCC_WARN_UNINITIALIZED_AUTOS = YES_AGGRESSIVE;
				GCC_WARN_UNUSED_FUNCTION = YES;
				GCC_WARN_UNUSED_VARIABLE = YES;
				IPHONEOS_DEPLOYMENT_TARGET = 13.4;
				LD = "";
				LDPLUSPLUS = "";
				LD_RUNPATH_SEARCH_PATHS = (
					/usr/lib/swift,
					"$(inherited)",
				);
				LIBRARY_SEARCH_PATHS = (
					"\"$(SDKROOT)/usr/lib/swift\"",
					"\"$(TOOLCHAIN_DIR)/usr/lib/swift/$(PLATFORM_NAME)\"",
					"\"$(inherited)\"",
				);
				MTL_ENABLE_DEBUG_INFO = YES;
				ONLY_ACTIVE_ARCH = YES;
				OTHER_CPLUSPLUSFLAGS = (
					"$(OTHER_CFLAGS)",
					"-DFOLLY_NO_CONFIG",
					"-DFOLLY_MOBILE=1",
					"-DFOLLY_USE_LIBCPP=1",
					"-DFOLLY_CFG_NO_COROUTINES=1",
					"-DFOLLY_HAVE_CLOCK_GETTIME=1",
				);
				OTHER_LDFLAGS = (
					"$(inherited)",
					" ",
				);
				REACT_NATIVE_PATH = "${PODS_ROOT}/../../node_modules/react-native";
				SDKROOT = iphoneos;
				USE_HERMES = true;
			};
			name = Debug;
		};
		83CBBA211A601CBA00E9B192 /* Release */ = {
			isa = XCBuildConfiguration;
			buildSettings = {
				ALWAYS_SEARCH_USER_PATHS = NO;
				CC = "";
				CLANG_ANALYZER_LOCALIZABILITY_NONLOCALIZED = YES;
				CLANG_CXX_LANGUAGE_STANDARD = "c++20";
				CLANG_CXX_LIBRARY = "libc++";
				CLANG_ENABLE_MODULES = YES;
				CLANG_ENABLE_OBJC_ARC = YES;
				CLANG_WARN_BLOCK_CAPTURE_AUTORELEASING = YES;
				CLANG_WARN_BOOL_CONVERSION = YES;
				CLANG_WARN_COMMA = YES;
				CLANG_WARN_CONSTANT_CONVERSION = YES;
				CLANG_WARN_DEPRECATED_OBJC_IMPLEMENTATIONS = YES;
				CLANG_WARN_DIRECT_OBJC_ISA_USAGE = YES_ERROR;
				CLANG_WARN_EMPTY_BODY = YES;
				CLANG_WARN_ENUM_CONVERSION = YES;
				CLANG_WARN_INFINITE_RECURSION = YES;
				CLANG_WARN_INT_CONVERSION = YES;
				CLANG_WARN_NON_LITERAL_NULL_CONVERSION = YES;
				CLANG_WARN_OBJC_IMPLICIT_RETAIN_SELF = YES;
				CLANG_WARN_OBJC_LITERAL_CONVERSION = YES;
				CLANG_WARN_OBJC_ROOT_CLASS = YES_ERROR;
				CLANG_WARN_QUOTED_INCLUDE_IN_FRAMEWORK_HEADER = YES;
				CLANG_WARN_RANGE_LOOP_ANALYSIS = YES;
				CLANG_WARN_STRICT_PROTOTYPES = YES;
				CLANG_WARN_SUSPICIOUS_MOVE = YES;
				CLANG_WARN_UNREACHABLE_CODE = YES;
				CLANG_WARN__DUPLICATE_METHOD_MATCH = YES;
				"CODE_SIGN_IDENTITY[sdk=iphoneos*]" = "iPhone Developer";
				COPY_PHASE_STRIP = YES;
				CXX = "";
				ENABLE_NS_ASSERTIONS = NO;
				ENABLE_STRICT_OBJC_MSGSEND = YES;
				"EXCLUDED_ARCHS[sdk=iphonesimulator*]" = "";
				GCC_C_LANGUAGE_STANDARD = gnu99;
				GCC_NO_COMMON_BLOCKS = YES;
				GCC_WARN_64_TO_32_BIT_CONVERSION = YES;
				GCC_WARN_ABOUT_RETURN_TYPE = YES_ERROR;
				GCC_WARN_UNDECLARED_SELECTOR = YES;
				GCC_WARN_UNINITIALIZED_AUTOS = YES_AGGRESSIVE;
				GCC_WARN_UNUSED_FUNCTION = YES;
				GCC_WARN_UNUSED_VARIABLE = YES;
				IPHONEOS_DEPLOYMENT_TARGET = 13.4;
				LD = "";
				LDPLUSPLUS = "";
				LD_RUNPATH_SEARCH_PATHS = (
					/usr/lib/swift,
					"$(inherited)",
				);
				LIBRARY_SEARCH_PATHS = (
					"\"$(SDKROOT)/usr/lib/swift\"",
					"\"$(TOOLCHAIN_DIR)/usr/lib/swift/$(PLATFORM_NAME)\"",
					"\"$(inherited)\"",
				);
				MTL_ENABLE_DEBUG_INFO = NO;
				OTHER_CPLUSPLUSFLAGS = (
					"$(OTHER_CFLAGS)",
					"-DFOLLY_NO_CONFIG",
					"-DFOLLY_MOBILE=1",
					"-DFOLLY_USE_LIBCPP=1",
					"-DFOLLY_CFG_NO_COROUTINES=1",
					"-DFOLLY_HAVE_CLOCK_GETTIME=1",
				);
				OTHER_LDFLAGS = (
					"$(inherited)",
					" ",
				);
				REACT_NATIVE_PATH = "${PODS_ROOT}/../../node_modules/react-native";
				SDKROOT = iphoneos;
				USE_HERMES = true;
				VALIDATE_PRODUCT = YES;
			};
			name = Release;
		};
/* End XCBuildConfiguration section */

/* Begin XCConfigurationList section */
		00E357021AD99517003FC87E /* Build configuration list for PBXNativeTarget "BanokaTests" */ = {
			isa = XCConfigurationList;
			buildConfigurations = (
				00E356F61AD99517003FC87E /* Debug */,
				00E356F71AD99517003FC87E /* Release */,
			);
			defaultConfigurationIsVisible = 0;
			defaultConfigurationName = Release;
		};
		13B07F931A680F5B00A75B9A /* Build configuration list for PBXNativeTarget "Banoka" */ = {
			isa = XCConfigurationList;
			buildConfigurations = (
				13B07F941A680F5B00A75B9A /* Debug */,
				13B07F951A680F5B00A75B9A /* Release */,
			);
			defaultConfigurationIsVisible = 0;
			defaultConfigurationName = Release;
		};
		83CBB9FA1A601CBA00E9B192 /* Build configuration list for PBXProject "Banoka" */ = {
			isa = XCConfigurationList;
			buildConfigurations = (
				83CBBA201A601CBA00E9B192 /* Debug */,
				83CBBA211A601CBA00E9B192 /* Release */,
			);
			defaultConfigurationIsVisible = 0;
			defaultConfigurationName = Release;
		};
/* End XCConfigurationList section */
	};
	rootObject = 83CBB9F71A601CBA00E9B192 /* Project object */;
}
